
Microsoft Visual Studio Solution File, Format Version 12.00
# Visual Studio Version 16
VisualStudioVersion = 16.0.30413.136
MinimumVisualStudioVersion = 10.0.40219.1
Project("{8BC9CEB8-8B4A-11D0-8D11-00A0C91BC942}") = "Muzyka2", "Muzyka2\Muzyka2.vcxproj", "{DB8C468B-9C30-4EC5-83F4-E1E1CC9E5FF0}"
EndProject
Global
	GlobalSection(SolutionConfigurationPlatforms) = preSolution
		Debug|x64 = Debug|x64
		Debug|x86 = Debug|x86
		Release|x64 = Release|x64
		Release|x86 = Release|x86
	EndGlobalSection
	GlobalSection(ProjectConfigurationPlatforms) = postSolution
		{DB8C468B-9C30-4EC5-83F4-E1E1CC9E5FF0}.Debug|x64.ActiveCfg = Debug|x64
		{DB8C468B-9C30-4EC5-83F4-E1E1CC9E5FF0}.Debug|x64.Build.0 = Debug|x64
		{DB8C468B-9C30-4EC5-83F4-E1E1CC9E5FF0}.Debug|x86.ActiveCfg = Debug|Win32
		{DB8C468B-9C30-4EC5-83F4-E1E1CC9E5FF0}.Debug|x86.Build.0 = Debug|Win32
		{DB8C468B-9C30-4EC5-83F4-E1E1CC9E5FF0}.Release|x64.ActiveCfg = Release|x64
		{DB8C468B-9C30-4EC5-83F4-E1E1CC9E5FF0}.Release|x64.Build.0 = Release|x64
		{DB8C468B-9C30-4EC5-83F4-E1E1CC9E5FF0}.Release|x86.ActiveCfg = Release|Win32
		{DB8C468B-9C30-4EC5-83F4-E1E1CC9E5FF0}.Release|x86.Build.0 = Release|Win32
	EndGlobalSection
	GlobalSection(SolutionProperties) = preSolution
		HideSolutionNode = FALSE
	EndGlobalSection
	GlobalSection(ExtensibilityGlobals) = postSolution
		SolutionGuid = {96704D58-3280-49EE-AC00-619BE72657EA}
	EndGlobalSection
EndGlobal
